
Microsoft Visual Studio Solution File, Format Version 12.00
# Visual Studio 15
VisualStudioVersion = 15.0.28010.2036
MinimumVisualStudioVersion = 10.0.40219.1
Project("{FAE04EC0-301F-11D3-BF4B-00C04F79EFBC}") = "PindelistenXamarin.Android", "PindelistenXamarin\PindelistenXamarin.Android\PindelistenXamarin.Android.csproj", "{52ED71C9-DDBC-40A9-AA44-9143C9B17D26}"
EndProject
Project("{FAE04EC0-301F-11D3-BF4B-00C04F79EFBC}") = "PindelistenXamarin.iOS", "PindelistenXamarin\PindelistenXamarin.iOS\PindelistenXamarin.iOS.csproj", "{7F742CD4-D714-4506-8158-9229407876F7}"
EndProject
Project("{FAE04EC0-301F-11D3-BF4B-00C04F79EFBC}") = "PindelistenXamarin", "PindelistenXamarin\PindelistenXamarin\PindelistenXamarin.csproj", "{0F58C31D-2D4B-4CB1-B24C-4D87E88665F8}"
EndProject
Global
	GlobalSection(SolutionConfigurationPlatforms) = preSolution
		Ad-Hoc|Any CPU = Ad-Hoc|Any CPU
		Ad-Hoc|iPhone = Ad-Hoc|iPhone
		Ad-Hoc|iPhoneSimulator = Ad-Hoc|iPhoneSimulator
		AppStore|Any CPU = AppStore|Any CPU
		AppStore|iPhone = AppStore|iPhone
		AppStore|iPhoneSimulator = AppStore|iPhoneSimulator
		Debug|Any CPU = Debug|Any CPU
		Debug|iPhone = Debug|iPhone
		Debug|iPhoneSimulator = Debug|iPhoneSimulator
		Release|Any CPU = Release|Any CPU
		Release|iPhone = Release|iPhone
		Release|iPhoneSimulator = Release|iPhoneSimulator
	EndGlobalSection
	GlobalSection(ProjectConfigurationPlatforms) = postSolution
		{52ED71C9-DDBC-40A9-AA44-9143C9B17D26}.Ad-Hoc|Any CPU.ActiveCfg = Release|Any CPU
		{52ED71C9-DDBC-40A9-AA44-9143C9B17D26}.Ad-Hoc|Any CPU.Build.0 = Release|Any CPU
		{52ED71C9-DDBC-40A9-AA44-9143C9B17D26}.Ad-Hoc|Any CPU.Deploy.0 = Release|Any CPU
		{52ED71C9-DDBC-40A9-AA44-9143C9B17D26}.Ad-Hoc|iPhone.ActiveCfg = Release|Any CPU
		{52ED71C9-DDBC-40A9-AA44-9143C9B17D26}.Ad-Hoc|iPhone.Build.0 = Release|Any CPU
		{52ED71C9-DDBC-40A9-AA44-9143C9B17D26}.Ad-Hoc|iPhone.Deploy.0 = Release|Any CPU
		{52ED71C9-DDBC-40A9-AA44-9143C9B17D26}.Ad-Hoc|iPhoneSimulator.ActiveCfg = Release|Any CPU
		{52ED71C9-DDBC-40A9-AA44-9143C9B17D26}.Ad-Hoc|iPhoneSimulator.Build.0 = Release|Any CPU
		{52ED71C9-DDBC-40A9-AA44-9143C9B17D26}.Ad-Hoc|iPhoneSimulator.Deploy.0 = Release|Any CPU
		{52ED71C9-DDBC-40A9-AA44-9143C9B17D26}.AppStore|Any CPU.ActiveCfg = Release|Any CPU
		{52ED71C9-DDBC-40A9-AA44-9143C9B17D26}.AppStore|Any CPU.Build.0 = Release|Any CPU
		{52ED71C9-DDBC-40A9-AA44-9143C9B17D26}.AppStore|Any CPU.Deploy.0 = Release|Any CPU
		{52ED71C9-DDBC-40A9-AA44-9143C9B17D26}.AppStore|iPhone.ActiveCfg = Release|Any CPU
		{52ED71C9-DDBC-40A9-AA44-9143C9B17D26}.AppStore|iPhone.Build.0 = Release|Any CPU
		{52ED71C9-DDBC-40A9-AA44-9143C9B17D26}.AppStore|iPhone.Deploy.0 = Release|Any CPU
		{52ED71C9-DDBC-40A9-AA44-9143C9B17D26}.AppStore|iPhoneSimulator.ActiveCfg = Release|Any CPU
		{52ED71C9-DDBC-40A9-AA44-9143C9B17D26}.AppStore|iPhoneSimulator.Build.0 = Release|Any CPU
		{52ED71C9-DDBC-40A9-AA44-9143C9B17D26}.AppStore|iPhoneSimulator.Deploy.0 = Release|Any CPU
		{52ED71C9-DDBC-40A9-AA44-9143C9B17D26}.Debug|Any CPU.ActiveCfg = Debug|Any CPU
		{52ED71C9-DDBC-40A9-AA44-9143C9B17D26}.Debug|Any CPU.Build.0 = Debug|Any CPU
		{52ED71C9-DDBC-40A9-AA44-9143C9B17D26}.Debug|Any CPU.Deploy.0 = Debug|Any CPU
		{52ED71C9-DDBC-40A9-AA44-9143C9B17D26}.Debug|iPhone.ActiveCfg = Debug|Any CPU
		{52ED71C9-DDBC-40A9-AA44-9143C9B17D26}.Debug|iPhone.Build.0 = Debug|Any CPU
		{52ED71C9-DDBC-40A9-AA44-9143C9B17D26}.Debug|iPhone.Deploy.0 = Debug|Any CPU
		{52ED71C9-DDBC-40A9-AA44-9143C9B17D26}.Debug|iPhoneSimulator.ActiveCfg = Debug|Any CPU
		{52ED71C9-DDBC-40A9-AA44-9143C9B17D26}.Debug|iPhoneSimulator.Build.0 = Debug|Any CPU
		{52ED71C9-DDBC-40A9-AA44-9143C9B17D26}.Debug|iPhoneSimulator.Deploy.0 = Debug|Any CPU
		{52ED71C9-DDBC-40A9-AA44-9143C9B17D26}.Release|Any CPU.ActiveCfg = Release|Any CPU
		{52ED71C9-DDBC-40A9-AA44-9143C9B17D26}.Release|Any CPU.Build.0 = Release|Any CPU
		{52ED71C9-DDBC-40A9-AA44-9143C9B17D26}.Release|Any CPU.Deploy.0 = Release|Any CPU
		{52ED71C9-DDBC-40A9-AA44-9143C9B17D26}.Release|iPhone.ActiveCfg = Release|Any CPU
		{52ED71C9-DDBC-40A9-AA44-9143C9B17D26}.Release|iPhone.Build.0 = Release|Any CPU
		{52ED71C9-DDBC-40A9-AA44-9143C9B17D26}.Release|iPhone.Deploy.0 = Release|Any CPU
		{52ED71C9-DDBC-40A9-AA44-9143C9B17D26}.Release|iPhoneSimulator.ActiveCfg = Release|Any CPU
		{52ED71C9-DDBC-40A9-AA44-9143C9B17D26}.Release|iPhoneSimulator.Build.0 = Release|Any CPU
		{52ED71C9-DDBC-40A9-AA44-9143C9B17D26}.Release|iPhoneSimulator.Deploy.0 = Release|Any CPU
		{7F742CD4-D714-4506-8158-9229407876F7}.Ad-Hoc|Any CPU.ActiveCfg = Ad-Hoc|iPhone
		{7F742CD4-D714-4506-8158-9229407876F7}.Ad-Hoc|Any CPU.Build.0 = Ad-Hoc|iPhone
		{7F742CD4-D714-4506-8158-9229407876F7}.Ad-Hoc|Any CPU.Deploy.0 = Ad-Hoc|iPhone
		{7F742CD4-D714-4506-8158-9229407876F7}.Ad-Hoc|iPhone.ActiveCfg = Ad-Hoc|iPhone
		{7F742CD4-D714-4506-8158-9229407876F7}.Ad-Hoc|iPhone.Build.0 = Ad-Hoc|iPhone
		{7F742CD4-D714-4506-8158-9229407876F7}.Ad-Hoc|iPhone.Deploy.0 = Ad-Hoc|iPhone
		{7F742CD4-D714-4506-8158-9229407876F7}.Ad-Hoc|iPhoneSimulator.ActiveCfg = Ad-Hoc|iPhoneSimulator
		{7F742CD4-D714-4506-8158-9229407876F7}.Ad-Hoc|iPhoneSimulator.Build.0 = Ad-Hoc|iPhoneSimulator
		{7F742CD4-D714-4506-8158-9229407876F7}.Ad-Hoc|iPhoneSimulator.Deploy.0 = Ad-Hoc|iPhoneSimulator
		{7F742CD4-D714-4506-8158-9229407876F7}.AppStore|Any CPU.ActiveCfg = AppStore|iPhone
		{7F742CD4-D714-4506-8158-9229407876F7}.AppStore|Any CPU.Build.0 = AppStore|iPhone
		{7F742CD4-D714-4506-8158-9229407876F7}.AppStore|Any CPU.Deploy.0 = AppStore|iPhone
		{7F742CD4-D714-4506-8158-9229407876F7}.AppStore|iPhone.ActiveCfg = AppStore|iPhone
		{7F742CD4-D714-4506-8158-9229407876F7}.AppStore|iPhone.Build.0 = AppStore|iPhone
		{7F742CD4-D714-4506-8158-9229407876F7}.AppStore|iPhone.Deploy.0 = AppStore|iPhone
		{7F742CD4-D714-4506-8158-9229407876F7}.AppStore|iPhoneSimulator.ActiveCfg = AppStore|iPhoneSimulator
		{7F742CD4-D714-4506-8158-9229407876F7}.AppStore|iPhoneSimulator.Build.0 = AppStore|iPhoneSimulator
		{7F742CD4-D714-4506-8158-9229407876F7}.AppStore|iPhoneSimulator.Deploy.0 = AppStore|iPhoneSimulator
		{7F742CD4-D714-4506-8158-9229407876F7}.Debug|Any CPU.ActiveCfg = Debug|iPhoneSimulator
		{7F742CD4-D714-4506-8158-9229407876F7}.Debug|Any CPU.Build.0 = Debug|iPhoneSimulator
		{7F742CD4-D714-4506-8158-9229407876F7}.Debug|Any CPU.Deploy.0 = Debug|iPhoneSimulator
		{7F742CD4-D714-4506-8158-9229407876F7}.Debug|iPhone.ActiveCfg = Debug|iPhone
		{7F742CD4-D714-4506-8158-9229407876F7}.Debug|iPhone.Build.0 = Debug|iPhone
		{7F742CD4-D714-4506-8158-9229407876F7}.Debug|iPhone.Deploy.0 = Debug|iPhone
		{7F742CD4-D714-4506-8158-9229407876F7}.Debug|iPhoneSimulator.ActiveCfg = Debug|iPhoneSimulator
		{7F742CD4-D714-4506-8158-9229407876F7}.Debug|iPhoneSimulator.Build.0 = Debug|iPhoneSimulator
		{7F742CD4-D714-4506-8158-9229407876F7}.Debug|iPhoneSimulator.Deploy.0 = Debug|iPhoneSimulator
		{7F742CD4-D714-4506-8158-9229407876F7}.Release|Any CPU.ActiveCfg = Release|iPhone
		{7F742CD4-D714-4506-8158-9229407876F7}.Release|Any CPU.Build.0 = Release|iPhone
		{7F742CD4-D714-4506-8158-9229407876F7}.Release|Any CPU.Deploy.0 = Release|iPhone
		{7F742CD4-D714-4506-8158-9229407876F7}.Release|iPhone.ActiveCfg = Release|iPhone
		{7F742CD4-D714-4506-8158-9229407876F7}.Release|iPhone.Build.0 = Release|iPhone
		{7F742CD4-D714-4506-8158-9229407876F7}.Release|iPhone.Deploy.0 = Release|iPhone
		{7F742CD4-D714-4506-8158-9229407876F7}.Release|iPhoneSimulator.ActiveCfg = Release|iPhoneSimulator
		{7F742CD4-D714-4506-8158-9229407876F7}.Release|iPhoneSimulator.Build.0 = Release|iPhoneSimulator
		{7F742CD4-D714-4506-8158-9229407876F7}.Release|iPhoneSimulator.Deploy.0 = Release|iPhoneSimulator
		{0F58C31D-2D4B-4CB1-B24C-4D87E88665F8}.Ad-Hoc|Any CPU.ActiveCfg = Debug|Any CPU
		{0F58C31D-2D4B-4CB1-B24C-4D87E88665F8}.Ad-Hoc|Any CPU.Build.0 = Debug|Any CPU
		{0F58C31D-2D4B-4CB1-B24C-4D87E88665F8}.Ad-Hoc|Any CPU.Deploy.0 = Debug|Any CPU
		{0F58C31D-2D4B-4CB1-B24C-4D87E88665F8}.Ad-Hoc|iPhone.ActiveCfg = Debug|Any CPU
		{0F58C31D-2D4B-4CB1-B24C-4D87E88665F8}.Ad-Hoc|iPhone.Build.0 = Debug|Any CPU
		{0F58C31D-2D4B-4CB1-B24C-4D87E88665F8}.Ad-Hoc|iPhone.Deploy.0 = Debug|Any CPU
		{0F58C31D-2D4B-4CB1-B24C-4D87E88665F8}.Ad-Hoc|iPhoneSimulator.ActiveCfg = Debug|Any CPU
		{0F58C31D-2D4B-4CB1-B24C-4D87E88665F8}.Ad-Hoc|iPhoneSimulator.Build.0 = Debug|Any CPU
		{0F58C31D-2D4B-4CB1-B24C-4D87E88665F8}.Ad-Hoc|iPhoneSimulator.Deploy.0 = Debug|Any CPU
		{0F58C31D-2D4B-4CB1-B24C-4D87E88665F8}.AppStore|Any CPU.ActiveCfg = Debug|Any CPU
		{0F58C31D-2D4B-4CB1-B24C-4D87E88665F8}.AppStore|Any CPU.Build.0 = Debug|Any CPU
		{0F58C31D-2D4B-4CB1-B24C-4D87E88665F8}.AppStore|Any CPU.Deploy.0 = Debug|Any CPU
		{0F58C31D-2D4B-4CB1-B24C-4D87E88665F8}.AppStore|iPhone.ActiveCfg = Debug|Any CPU
		{0F58C31D-2D4B-4CB1-B24C-4D87E88665F8}.AppStore|iPhone.Build.0 = Debug|Any CPU
		{0F58C31D-2D4B-4CB1-B24C-4D87E88665F8}.AppStore|iPhone.Deploy.0 = Debug|Any CPU
		{0F58C31D-2D4B-4CB1-B24C-4D87E88665F8}.AppStore|iPhoneSimulator.ActiveCfg = Debug|Any CPU
		{0F58C31D-2D4B-4CB1-B24C-4D87E88665F8}.AppStore|iPhoneSimulator.Build.0 = Debug|Any CPU
		{0F58C31D-2D4B-4CB1-B24C-4D87E88665F8}.AppStore|iPhoneSimulator.Deploy.0 = Debug|Any CPU
		{0F58C31D-2D4B-4CB1-B24C-4D87E88665F8}.Debug|Any CPU.ActiveCfg = Debug|Any CPU
		{0F58C31D-2D4B-4CB1-B24C-4D87E88665F8}.Debug|Any CPU.Build.0 = Debug|Any CPU
		{0F58C31D-2D4B-4CB1-B24C-4D87E88665F8}.Debug|Any CPU.Deploy.0 = Debug|Any CPU
		{0F58C31D-2D4B-4CB1-B24C-4D87E88665F8}.Debug|iPhone.ActiveCfg = Debug|Any CPU
		{0F58C31D-2D4B-4CB1-B24C-4D87E88665F8}.Debug|iPhone.Build.0 = Debug|Any CPU
		{0F58C31D-2D4B-4CB1-B24C-4D87E88665F8}.Debug|iPhone.Deploy.0 = Debug|Any CPU
		{0F58C31D-2D4B-4CB1-B24C-4D87E88665F8}.Debug|iPhoneSimulator.ActiveCfg = Debug|Any CPU
		{0F58C31D-2D4B-4CB1-B24C-4D87E88665F8}.Debug|iPhoneSimulator.Build.0 = Debug|Any CPU
		{0F58C31D-2D4B-4CB1-B24C-4D87E88665F8}.Debug|iPhoneSimulator.Deploy.0 = Debug|Any CPU
		{0F58C31D-2D4B-4CB1-B24C-4D87E88665F8}.Release|Any CPU.ActiveCfg = Release|Any CPU
		{0F58C31D-2D4B-4CB1-B24C-4D87E88665F8}.Release|Any CPU.Build.0 = Release|Any CPU
		{0F58C31D-2D4B-4CB1-B24C-4D87E88665F8}.Release|Any CPU.Deploy.0 = Release|Any CPU
		{0F58C31D-2D4B-4CB1-B24C-4D87E88665F8}.Release|iPhone.ActiveCfg = Release|Any CPU
		{0F58C31D-2D4B-4CB1-B24C-4D87E88665F8}.Release|iPhone.Build.0 = Release|Any CPU
		{0F58C31D-2D4B-4CB1-B24C-4D87E88665F8}.Release|iPhone.Deploy.0 = Release|Any CPU
		{0F58C31D-2D4B-4CB1-B24C-4D87E88665F8}.Release|iPhoneSimulator.ActiveCfg = Release|Any CPU
		{0F58C31D-2D4B-4CB1-B24C-4D87E88665F8}.Release|iPhoneSimulator.Build.0 = Release|Any CPU
		{0F58C31D-2D4B-4CB1-B24C-4D87E88665F8}.Release|iPhoneSimulator.Deploy.0 = Release|Any CPU
	EndGlobalSection
	GlobalSection(SolutionProperties) = preSolution
		HideSolutionNode = FALSE
	EndGlobalSection
	GlobalSection(ExtensibilityGlobals) = postSolution
		SolutionGuid = {7D172AC6-62BB-457D-8774-761A0E21D1B7}
	EndGlobalSection
EndGlobal
